
Microsoft Visual Studio Solution File, Format Version 12.00
# Visual Studio Version 16
VisualStudioVersion = 16.0.28803.156
MinimumVisualStudioVersion = 10.0.40219.1
Project("{FAE04EC0-301F-11D3-BF4B-00C04F79EFBC}") = "ABC.Core", "ABC.Core\ABC.Core.csproj", "{1E58945A-E148-4316-A54E-D6CBD13FB80C}"
EndProject
Project("{FAE04EC0-301F-11D3-BF4B-00C04F79EFBC}") = "Entities", "Entities\Entities.csproj", "{C39D90C1-2B82-444D-9E85-A9C1CF42CF30}"
EndProject
Project("{FAE04EC0-301F-11D3-BF4B-00C04F79EFBC}") = "ABC.Data", "ABC.Data\ABC.Data.csproj", "{E17491E6-0A34-4245-8E78-FAED97D66F60}"
EndProject
Global
	GlobalSection(SolutionConfigurationPlatforms) = preSolution
		Debug|Any CPU = Debug|Any CPU
		Release|Any CPU = Release|Any CPU
	EndGlobalSection
	GlobalSection(ProjectConfigurationPlatforms) = postSolution
		{1E58945A-E148-4316-A54E-D6CBD13FB80C}.Debug|Any CPU.ActiveCfg = Debug|Any CPU
		{1E58945A-E148-4316-A54E-D6CBD13FB80C}.Debug|Any CPU.Build.0 = Debug|Any CPU
		{1E58945A-E148-4316-A54E-D6CBD13FB80C}.Release|Any CPU.ActiveCfg = Release|Any CPU
		{1E58945A-E148-4316-A54E-D6CBD13FB80C}.Release|Any CPU.Build.0 = Release|Any CPU
		{C39D90C1-2B82-444D-9E85-A9C1CF42CF30}.Debug|Any CPU.ActiveCfg = Debug|Any CPU
		{C39D90C1-2B82-444D-9E85-A9C1CF42CF30}.Debug|Any CPU.Build.0 = Debug|Any CPU
		{C39D90C1-2B82-444D-9E85-A9C1CF42CF30}.Release|Any CPU.ActiveCfg = Release|Any CPU
		{C39D90C1-2B82-444D-9E85-A9C1CF42CF30}.Release|Any CPU.Build.0 = Release|Any CPU
		{E17491E6-0A34-4245-8E78-FAED97D66F60}.Debug|Any CPU.ActiveCfg = Debug|Any CPU
		{E17491E6-0A34-4245-8E78-FAED97D66F60}.Debug|Any CPU.Build.0 = Debug|Any CPU
		{E17491E6-0A34-4245-8E78-FAED97D66F60}.Release|Any CPU.ActiveCfg = Release|Any CPU
		{E17491E6-0A34-4245-8E78-FAED97D66F60}.Release|Any CPU.Build.0 = Release|Any CPU
	EndGlobalSection
	GlobalSection(SolutionProperties) = preSolution
		HideSolutionNode = FALSE
	EndGlobalSection
	GlobalSection(ExtensibilityGlobals) = postSolution
		SolutionGuid = {6BBBB661-87EB-4B59-A631-7CA82139BD80}
	EndGlobalSection
EndGlobal
